
Microsoft Visual Studio Solution File, Format Version 12.00
# Visual Studio Version 17
VisualStudioVersion = 17.3.32929.385
MinimumVisualStudioVersion = 10.0.40219.1
Project("{FAE04EC0-301F-11D3-BF4B-00C04F79EFBC}") = "BlazorUnitTestingTutorial", "BlazorUnitTestingTutorial\BlazorUnitTestingTutorial.csproj", "{E505FFA6-8530-4D04-98C6-F5943BDC914A}"
EndProject
Project("{FAE04EC0-301F-11D3-BF4B-00C04F79EFBC}") = "BlazorTestingProject", "BlazorTestingProject\BlazorTestingProject.csproj", "{879365AE-3361-4CB2-ADF1-2CF28F1B8E63}"
EndProject
Global
	GlobalSection(SolutionConfigurationPlatforms) = preSolution
		Debug|Any CPU = Debug|Any CPU
		Release|Any CPU = Release|Any CPU
	EndGlobalSection
	GlobalSection(ProjectConfigurationPlatforms) = postSolution
		{E505FFA6-8530-4D04-98C6-F5943BDC914A}.Debug|Any CPU.ActiveCfg = Debug|Any CPU
		{E505FFA6-8530-4D04-98C6-F5943BDC914A}.Debug|Any CPU.Build.0 = Debug|Any CPU
		{E505FFA6-8530-4D04-98C6-F5943BDC914A}.Release|Any CPU.ActiveCfg = Release|Any CPU
		{E505FFA6-8530-4D04-98C6-F5943BDC914A}.Release|Any CPU.Build.0 = Release|Any CPU
		{879365AE-3361-4CB2-ADF1-2CF28F1B8E63}.Debug|Any CPU.ActiveCfg = Debug|Any CPU
		{879365AE-3361-4CB2-ADF1-2CF28F1B8E63}.Debug|Any CPU.Build.0 = Debug|Any CPU
		{879365AE-3361-4CB2-ADF1-2CF28F1B8E63}.Release|Any CPU.ActiveCfg = Release|Any CPU
		{879365AE-3361-4CB2-ADF1-2CF28F1B8E63}.Release|Any CPU.Build.0 = Release|Any CPU
	EndGlobalSection
	GlobalSection(SolutionProperties) = preSolution
		HideSolutionNode = FALSE
	EndGlobalSection
	GlobalSection(ExtensibilityGlobals) = postSolution
		SolutionGuid = {A8E6A7ED-3890-434E-B88A-AA7F261A084B}
	EndGlobalSection
EndGlobal
